# THIS IS AN AUTOGENERATED FILE. DO NOT EDIT THIS FILE DIRECTLY.
# yarn lockfile v1


argparse@^1.0.2:
  version "1.0.10"
  resolved "https://registry.yarnpkg.com/argparse/-/argparse-1.0.10.tgz#bcd6791ea5ae09725e17e5ad988134cd40b3d911"
  integrity sha512-o5Roy6tNG4SL/FOkCAN6RzjiakZS25RLYFrcMttJqbdd8BWrnA+fGz57iN5Pb06pvBGvl5gQ0B48dJlslXvoTg==
  dependencies:
    sprintf-js "~1.0.2"

"argparse@~ 0.1.15", argparse@~0.1.15:
  version "0.1.16"
  resolved "https://registry.yarnpkg.com/argparse/-/argparse-0.1.16.tgz#cfd01e0fbba3d6caed049fbd758d40f65196f57c"
  integrity sha1-z9AeD7uj1srtBJ+9dY1A9lGW9Xw=
  dependencies:
    underscore "~1.7.0"
    underscore.string "~2.4.0"

font-carrier@0.0.12:
  version "0.0.12"
  resolved "https://registry.yarnpkg.com/font-carrier/-/font-carrier-0.0.12.tgz#5d281b653720ac97e9e783549426cd5196619bc6"
  integrity sha1-XSgbZTcgrJfp54NUlCbNUZZhm8Y=
  dependencies:
    jdataview "2.5.0"
    lodash "3.7.0"
    multiline "1.0.2"
    opentype.js "0.4.8"
    svg2ttf "2.0.0"
    svg_pathify "0.0.x"
    svgpath "2.0.0"
    ttf2eot "1.3.0"
    ttf2svg "0.0.7"
    ttf2woff "1.3.0"
    xmldom "0.1.19"

get-stdin@^4.0.1:
  version "4.0.1"
  resolved "https://registry.yarnpkg.com/get-stdin/-/get-stdin-4.0.1.tgz#b968c6b0a04384324902e8bf1a5df32579a450fe"
  integrity sha1-uWjGsKBDhDJJAui/Gl3zJXmkUP4=

jdataview@2.5.0:
  version "2.5.0"
  resolved "https://registry.yarnpkg.com/jdataview/-/jdataview-2.5.0.tgz#3081b3fea651f9317ec6bd4feb2ddc98aa41d595"
  integrity sha1-MIGz/qZR+TF+xr1P6y3cmKpB1ZU=

lodash@3.7.0:
  version "3.7.0"
  resolved "https://registry.yarnpkg.com/lodash/-/lodash-3.7.0.tgz#3678bd8ab995057c07ade836ed2ef087da811d45"
  integrity sha1-Nni9irmVBXwHreg27S7wh9qBHUU=

lodash@^2.4.1:
  version "2.4.2"
  resolved "https://registry.yarnpkg.com/lodash/-/lodash-2.4.2.tgz#fadd834b9683073da179b3eae6d9c0d15053f73e"
  integrity sha1-+t2DS5aDBz2hebPq5tnA0VBT9z4=

lodash@^3.6.0, lodash@^3.7.0:
  version "3.10.1"
  resolved "https://registry.yarnpkg.com/lodash/-/lodash-3.10.1.tgz#5bf45e8e49ba4189e17d482789dfd15bd140b7b6"
  integrity sha1-W/Rejkm6QYnhfUgnid/RW9FAt7Y=

microbuffer@^1.0.0:
  version "1.0.0"
  resolved "https://registry.yarnpkg.com/microbuffer/-/microbuffer-1.0.0.tgz#8b3832ed40c87d51f47bb234913a698a756d19d2"
  integrity sha1-izgy7UDIfVH0e7I0kTppinVtGdI=

multiline@1.0.2:
  version "1.0.2"
  resolved "https://registry.yarnpkg.com/multiline/-/multiline-1.0.2.tgz#69b1f25ff074d2828904f244ddd06b7d96ef6c93"
  integrity sha1-abHyX/B00oKJBPJE3dBrfZbvbJM=
  dependencies:
    strip-indent "^1.0.0"

opentype.js@0.4.8:
  version "0.4.8"
  resolved "https://registry.yarnpkg.com/opentype.js/-/opentype.js-0.4.8.tgz#716fb72503205ee924a1a33ba6c7a8d1c16d622d"
  integrity sha1-cW+3JQMgXukkoaM7pseo0cFtYi0=

"pako@~ 0.2.2":
  version "0.2.9"
  resolved "https://registry.yarnpkg.com/pako/-/pako-0.2.9.tgz#f3f7522f4ef782348da8161bad9ecfd51bf83a75"
  integrity sha1-8/dSL073gjSNqBYbrZ7P1Rv4OnU=

sprintf-js@~1.0.2:
  version "1.0.3"
  resolved "https://registry.yarnpkg.com/sprintf-js/-/sprintf-js-1.0.3.tgz#04e6926f662895354f3dd015203633b857297e2c"
  integrity sha1-BOaSb2YolTVPPdAVIDYzuFcpfiw=

strip-indent@^1.0.0:
  version "1.0.1"
  resolved "https://registry.yarnpkg.com/strip-indent/-/strip-indent-1.0.1.tgz#0c7962a6adefa7bbd4ac366460a638552ae1a0a2"
  integrity sha1-DHlipq3vp7vUrDZkYKY4VSrhoKI=
  dependencies:
    get-stdin "^4.0.1"

svg2ttf@2.0.0:
  version "2.0.0"
  resolved "https://registry.yarnpkg.com/svg2ttf/-/svg2ttf-2.0.0.tgz#b1b6add9432111d6a4c0676f25edefa8b4da7f80"
  integrity sha1-sbat2UMhEdakwGdvJe3vqLTaf4A=
  dependencies:
    argparse "^1.0.2"
    lodash "^3.6.0"
    microbuffer "^1.0.0"
    svgpath "~2.0.0"
    xmldom "~0.1.16"

svg_pathify@0.0.x:
  version "0.0.8"
  resolved "https://registry.yarnpkg.com/svg_pathify/-/svg_pathify-0.0.8.tgz#f4d6d723cac11bb4cb66077c0930f57d2ffcc230"
  integrity sha512-TJjwt6u5+8M02m5/wXoJjv9L8llS7u+9LkZvkwd+Bm0eY5mobRfFjpY/Zcrl+ar+9EPdEjbqQ3S1GAa4diyb5g==
  dependencies:
    lodash "^3.7.0"
    xmldom "^0.1.19"

svgpath@2.0.0, svgpath@~2.0.0:
  version "2.0.0"
  resolved "https://registry.yarnpkg.com/svgpath/-/svgpath-2.0.0.tgz#5f36dc63329cf7fdc9254e3fe0194435de0e068c"
  integrity sha1-XzbcYzKc9/3JJU4/4BlENd4OBow=

ttf2eot@1.3.0:
  version "1.3.0"
  resolved "https://registry.yarnpkg.com/ttf2eot/-/ttf2eot-1.3.0.tgz#94671eacfa5ad7799cd6f9f5b6030f513b032ac2"
  integrity sha1-lGcerPpa13mc1vn1tgMPUTsDKsI=
  dependencies:
    argparse "~0.1.15"

ttf2svg@0.0.7:
  version "0.0.7"
  resolved "https://registry.yarnpkg.com/ttf2svg/-/ttf2svg-0.0.7.tgz#3d5aa54900841bbfa3f73643c2a4b573992d3736"
  integrity sha1-PVqlSQCEG7+j9zZDwqS1c5ktNzY=
  dependencies:
    lodash "^2.4.1"

ttf2svg@^1.2.0:
  version "1.2.0"
  resolved "https://registry.yarnpkg.com/ttf2svg/-/ttf2svg-1.2.0.tgz#4f4a8c53bc96694f4c2c0e79206b214295e669d0"
  integrity sha512-owBXKroi7cYcXqIAtTatwP//paCl6qErDt49BsYia2PAi24Y2z1T7gRbf7wlBcuAuLLOdggjPm0nhHLK2yLH1g==
  dependencies:
    font-carrier "0.0.12"

ttf2woff@1.3.0:
  version "1.3.0"
  resolved "https://registry.yarnpkg.com/ttf2woff/-/ttf2woff-1.3.0.tgz#76a27a6f30ea037a9ed64c9ff43ec7ed461e6d2a"
  integrity sha1-dqJ6bzDqA3qe1kyf9D7H7UYebSo=
  dependencies:
    argparse "~ 0.1.15"
    pako "~ 0.2.2"

underscore.string@~2.4.0:
  version "2.4.0"
  resolved "https://registry.yarnpkg.com/underscore.string/-/underscore.string-2.4.0.tgz#8cdd8fbac4e2d2ea1e7e2e8097c42f442280f85b"
  integrity sha1-jN2PusTi0uoefi6Al8QvRCKA+Fs=

underscore@~1.7.0:
  version "1.7.0"
  resolved "https://registry.yarnpkg.com/underscore/-/underscore-1.7.0.tgz#6bbaf0877500d36be34ecaa584e0db9fef035209"
  integrity sha1-a7rwh3UA02vjTsqlhODbn+8DUgk=

xmldom@0.1.19:
  version "0.1.19"
  resolved "https://registry.yarnpkg.com/xmldom/-/xmldom-0.1.19.tgz#631fc07776efd84118bf25171b37ed4d075a0abc"
  integrity sha1-Yx/Ad3bv2EEYvyUXGzftTQdaCrw=

xmldom@^0.1.19, xmldom@~0.1.16:
  version "0.1.31"
  resolved "https://registry.yarnpkg.com/xmldom/-/xmldom-0.1.31.tgz#b76c9a1bd9f0a9737e5a72dc37231cf38375e2ff"
  integrity sha512-yS2uJflVQs6n+CyjHoaBmVSqIDevTAWrzMmjG1Gc7h1qQ7uVozNhEPJAwZXWyGQ/Gafo3fCwrcaokezLPupVyQ==
